
Microsoft Visual Studio Solution File, Format Version 12.00
# Visual Studio 2012
Project("{FAE04EC0-301F-11D3-BF4B-00C04F79EFBC}") = "Shuttle.EMail", "Shuttle.EMail\Shuttle.EMail.csproj", "{AD6018C6-069E-44D5-BBDC-82DEBA8AF281}"
EndProject
Project("{FAE04EC0-301F-11D3-BF4B-00C04F79EFBC}") = "Shuttle.EMail.Server", "Shuttle.EMail.Server\Shuttle.EMail.Server.csproj", "{8B48CBFC-6AD5-4787-89AB-0B00C02CF2E3}"
EndProject
Project("{FAE04EC0-301F-11D3-BF4B-00C04F79EFBC}") = "Shuttle.EMail.Messages", "Shuttle.EMail.Messages\Shuttle.EMail.Messages.csproj", "{A0A36D17-66B9-4420-A8D4-5CE6CF650724}"
EndProject
Global
	GlobalSection(SolutionConfigurationPlatforms) = preSolution
		Debug|Any CPU = Debug|Any CPU
		Release|Any CPU = Release|Any CPU
	EndGlobalSection
	GlobalSection(ProjectConfigurationPlatforms) = postSolution
		{AD6018C6-069E-44D5-BBDC-82DEBA8AF281}.Debug|Any CPU.ActiveCfg = Debug|Any CPU
		{AD6018C6-069E-44D5-BBDC-82DEBA8AF281}.Debug|Any CPU.Build.0 = Debug|Any CPU
		{AD6018C6-069E-44D5-BBDC-82DEBA8AF281}.Release|Any CPU.ActiveCfg = Release|Any CPU
		{AD6018C6-069E-44D5-BBDC-82DEBA8AF281}.Release|Any CPU.Build.0 = Release|Any CPU
		{8B48CBFC-6AD5-4787-89AB-0B00C02CF2E3}.Debug|Any CPU.ActiveCfg = Debug|Any CPU
		{8B48CBFC-6AD5-4787-89AB-0B00C02CF2E3}.Debug|Any CPU.Build.0 = Debug|Any CPU
		{8B48CBFC-6AD5-4787-89AB-0B00C02CF2E3}.Release|Any CPU.ActiveCfg = Release|Any CPU
		{8B48CBFC-6AD5-4787-89AB-0B00C02CF2E3}.Release|Any CPU.Build.0 = Release|Any CPU
		{A0A36D17-66B9-4420-A8D4-5CE6CF650724}.Debug|Any CPU.ActiveCfg = Debug|Any CPU
		{A0A36D17-66B9-4420-A8D4-5CE6CF650724}.Debug|Any CPU.Build.0 = Debug|Any CPU
		{A0A36D17-66B9-4420-A8D4-5CE6CF650724}.Release|Any CPU.ActiveCfg = Release|Any CPU
		{A0A36D17-66B9-4420-A8D4-5CE6CF650724}.Release|Any CPU.Build.0 = Release|Any CPU
	EndGlobalSection
	GlobalSection(SolutionProperties) = preSolution
		HideSolutionNode = FALSE
	EndGlobalSection
EndGlobal
